// !$*UTF8*$!
{
	archiveVersion = 1;
	classes = {
	};
	objectVersion = 55;
	objects = {

/* Begin PBXBuildFile section */
		1415D83427F9DFF1008A4060 /* WatchfaceView.swift in Sources */ = {isa = PBXBuildFile; fileRef = 1415D83327F9DFF1008A4060 /* WatchfaceView.swift */; };
		1415D83727F9EFE8008A4060 /* GameStatus.swift in Sources */ = {isa = PBXBuildFile; fileRef = 1415D83627F9EFE8008A4060 /* GameStatus.swift */; };
		1415D83927F9EFFF008A4060 /* GameState.swift in Sources */ = {isa = PBXBuildFile; fileRef = 1415D83827F9EFFF008A4060 /* GameState.swift */; };
		1415D83C27F9F836008A4060 /* View+isHidden.swift in Sources */ = {isa = PBXBuildFile; fileRef = 1415D83B27F9F836008A4060 /* View+isHidden.swift */; };
		1415D83E27F9F8AA008A4060 /* TimeSettings.swift in Sources */ = {isa = PBXBuildFile; fileRef = 1415D83D27F9F8AA008A4060 /* TimeSettings.swift */; };
		1415D84027F9F971008A4060 /* GameSettings.swift in Sources */ = {isa = PBXBuildFile; fileRef = 1415D83F27F9F971008A4060 /* GameSettings.swift */; };
		1415D84227FA12D7008A4060 /* ColorPalette.swift in Sources */ = {isa = PBXBuildFile; fileRef = 1415D84127FA12D7008A4060 /* ColorPalette.swift */; };
		1415D84627FA2F74008A4060 /* SettingsView.swift in Sources */ = {isa = PBXBuildFile; fileRef = 1415D84527FA2F74008A4060 /* SettingsView.swift */; };
		145C474227F38CAC003F97E0 /* ChessClockApp.swift in Sources */ = {isa = PBXBuildFile; fileRef = 145C474127F38CAC003F97E0 /* ChessClockApp.swift */; };
		145C474427F38CAC003F97E0 /* ContentView.swift in Sources */ = {isa = PBXBuildFile; fileRef = 145C474327F38CAC003F97E0 /* ContentView.swift */; };
		145C474627F38CAC003F97E0 /* Assets.xcassets in Resources */ = {isa = PBXBuildFile; fileRef = 145C474527F38CAC003F97E0 /* Assets.xcassets */; };
		145C474927F38CAC003F97E0 /* Preview Assets.xcassets in Resources */ = {isa = PBXBuildFile; fileRef = 145C474827F38CAC003F97E0 /* Preview Assets.xcassets */; };
		145C475327F38CAC003F97E0 /* ChessClockTests.swift in Sources */ = {isa = PBXBuildFile; fileRef = 145C475227F38CAC003F97E0 /* ChessClockTests.swift */; };
		145C476E27F38D4D003F97E0 /* ClockService.swift in Sources */ = {isa = PBXBuildFile; fileRef = 145C476D27F38D4D003F97E0 /* ClockService.swift */; };
		145C477227F3903D003F97E0 /* ClockView.swift in Sources */ = {isa = PBXBuildFile; fileRef = 145C477127F3903D003F97E0 /* ClockView.swift */; };
/* End PBXBuildFile section */

/* Begin PBXContainerItemProxy section */
		145C474F27F38CAC003F97E0 /* PBXContainerItemProxy */ = {
			isa = PBXContainerItemProxy;
			containerPortal = 145C473627F38CAC003F97E0 /* Project object */;
			proxyType = 1;
			remoteGlobalIDString = 145C473D27F38CAC003F97E0;
			remoteInfo = ChessClock;
		};
		145C475927F38CAC003F97E0 /* PBXContainerItemProxy */ = {
			isa = PBXContainerItemProxy;
			containerPortal = 145C473627F38CAC003F97E0 /* Project object */;
			proxyType = 1;
			remoteGlobalIDString = 145C473D27F38CAC003F97E0;
			remoteInfo = ChessClock;
		};
/* End PBXContainerItemProxy section */

/* Begin PBXFileReference section */
		1415D83327F9DFF1008A4060 /* WatchfaceView.swift */ = {isa = PBXFileReference; lastKnownFileType = sourcecode.swift; path = WatchfaceView.swift; sourceTree = "<group>"; };
		1415D83627F9EFE8008A4060 /* GameStatus.swift */ = {isa = PBXFileReference; lastKnownFileType = sourcecode.swift; path = GameStatus.swift; sourceTree = "<group>"; };
		1415D83827F9EFFF008A4060 /* GameState.swift */ = {isa = PBXFileReference; lastKnownFileType = sourcecode.swift; path = GameState.swift; sourceTree = "<group>"; };
		1415D83B27F9F836008A4060 /* View+isHidden.swift */ = {isa = PBXFileReference; lastKnownFileType = sourcecode.swift; path = "View+isHidden.swift"; sourceTree = "<group>"; };
		1415D83D27F9F8AA008A4060 /* TimeSettings.swift */ = {isa = PBXFileReference; lastKnownFileType = sourcecode.swift; path = TimeSettings.swift; sourceTree = "<group>"; };
		1415D83F27F9F971008A4060 /* GameSettings.swift */ = {isa = PBXFileReference; lastKnownFileType = sourcecode.swift; path = GameSettings.swift; sourceTree = "<group>"; };
		1415D84127FA12D7008A4060 /* ColorPalette.swift */ = {isa = PBXFileReference; lastKnownFileType = sourcecode.swift; path = ColorPalette.swift; sourceTree = "<group>"; };
		1415D84527FA2F74008A4060 /* SettingsView.swift */ = {isa = PBXFileReference; lastKnownFileType = sourcecode.swift; path = SettingsView.swift; sourceTree = "<group>"; };
		145C473E27F38CAC003F97E0 /* ChessClock.app */ = {isa = PBXFileReference; explicitFileType = wrapper.application; includeInIndex = 0; path = ChessClock.app; sourceTree = BUILT_PRODUCTS_DIR; };
		145C474127F38CAC003F97E0 /* ChessClockApp.swift */ = {isa = PBXFileReference; lastKnownFileType = sourcecode.swift; path = ChessClockApp.swift; sourceTree = "<group>"; };
		145C474327F38CAC003F97E0 /* ContentView.swift */ = {isa = PBXFileReference; lastKnownFileType = sourcecode.swift; path = ContentView.swift; sourceTree = "<group>"; };
		145C474527F38CAC003F97E0 /* Assets.xcassets */ = {isa = PBXFileReference; lastKnownFileType = folder.assetcatalog; path = Assets.xcassets; sourceTree = "<group>"; };
		145C474827F38CAC003F97E0 /* Preview Assets.xcassets */ = {isa = PBXFileReference; lastKnownFileType = folder.assetcatalog; path = "Preview Assets.xcassets"; sourceTree = "<group>"; };
		145C474E27F38CAC003F97E0 /* ChessClockTests.xctest */ = {isa = PBXFileReference; explicitFileType = wrapper.cfbundle; includeInIndex = 0; path = ChessClockTests.xctest; sourceTree = BUILT_PRODUCTS_DIR; };
		145C475227F38CAC003F97E0 /* ChessClockTests.swift */ = {isa = PBXFileReference; lastKnownFileType = sourcecode.swift; path = ChessClockTests.swift; sourceTree = "<group>"; };
		145C475827F38CAC003F97E0 /* ChessClockUITests.xctest */ = {isa = PBXFileReference; explicitFileType = wrapper.cfbundle; includeInIndex = 0; path = ChessClockUITests.xctest; sourceTree = BUILT_PRODUCTS_DIR; };
		145C476D27F38D4D003F97E0 /* ClockService.swift */ = {isa = PBXFileReference; lastKnownFileType = sourcecode.swift; path = ClockService.swift; sourceTree = "<group>"; };
		145C477127F3903D003F97E0 /* ClockView.swift */ = {isa = PBXFileReference; lastKnownFileType = sourcecode.swift; path = ClockView.swift; sourceTree = "<group>"; };
/* End PBXFileReference section */

/* Begin PBXFrameworksBuildPhase section */
		145C473B27F38CAC003F97E0 /* Frameworks */ = {
			isa = PBXFrameworksBuildPhase;
			buildActionMask = 2147483647;
			files = (
			);
			runOnlyForDeploymentPostprocessing = 0;
		};
		145C474B27F38CAC003F97E0 /* Frameworks */ = {
			isa = PBXFrameworksBuildPhase;
			buildActionMask = 2147483647;
			files = (
			);
			runOnlyForDeploymentPostprocessing = 0;
		};
		145C475527F38CAC003F97E0 /* Frameworks */ = {
			isa = PBXFrameworksBuildPhase;
			buildActionMask = 2147483647;
			files = (
			);
			runOnlyForDeploymentPostprocessing = 0;
		};
/* End PBXFrameworksBuildPhase section */

/* Begin PBXGroup section */
		1415D83527F9EFDA008A4060 /* Model */ = {
			isa = PBXGroup;
			children = (
				1415D83627F9EFE8008A4060 /* GameStatus.swift */,
				1415D83827F9EFFF008A4060 /* GameState.swift */,
				1415D83D27F9F8AA008A4060 /* TimeSettings.swift */,
				1415D83F27F9F971008A4060 /* GameSettings.swift */,
			);
			path = Model;
			sourceTree = "<group>";
		};
		1415D83A27F9F826008A4060 /* Extensions */ = {
			isa = PBXGroup;
			children = (
				1415D83B27F9F836008A4060 /* View+isHidden.swift */,
				1415D84127FA12D7008A4060 /* ColorPalette.swift */,
			);
			path = Extensions;
			sourceTree = "<group>";
		};
		145C473527F38CAC003F97E0 = {
			isa = PBXGroup;
			children = (
				145C474027F38CAC003F97E0 /* ChessClock */,
				145C475127F38CAC003F97E0 /* ChessClockTests */,
				145C473F27F38CAC003F97E0 /* Products */,
			);
			sourceTree = "<group>";
		};
		145C473F27F38CAC003F97E0 /* Products */ = {
			isa = PBXGroup;
			children = (
				145C473E27F38CAC003F97E0 /* ChessClock.app */,
				145C474E27F38CAC003F97E0 /* ChessClockTests.xctest */,
				145C475827F38CAC003F97E0 /* ChessClockUITests.xctest */,
			);
			name = Products;
			sourceTree = "<group>";
		};
		145C474027F38CAC003F97E0 /* ChessClock */ = {
			isa = PBXGroup;
			children = (
				1415D83527F9EFDA008A4060 /* Model */,
				145C476C27F38D03003F97E0 /* Service */,
				145C476B27F38CBE003F97E0 /* View */,
				145C474127F38CAC003F97E0 /* ChessClockApp.swift */,
				145C474527F38CAC003F97E0 /* Assets.xcassets */,
				145C474727F38CAC003F97E0 /* Preview Content */,
			);
			path = ChessClock;
			sourceTree = "<group>";
		};
		145C474727F38CAC003F97E0 /* Preview Content */ = {
			isa = PBXGroup;
			children = (
				145C474827F38CAC003F97E0 /* Preview Assets.xcassets */,
			);
			path = "Preview Content";
			sourceTree = "<group>";
		};
		145C475127F38CAC003F97E0 /* ChessClockTests */ = {
			isa = PBXGroup;
			children = (
				145C475227F38CAC003F97E0 /* ChessClockTests.swift */,
			);
			path = ChessClockTests;
			sourceTree = "<group>";
		};
		145C476B27F38CBE003F97E0 /* View */ = {
			isa = PBXGroup;
			children = (
				1415D83A27F9F826008A4060 /* Extensions */,
				145C474327F38CAC003F97E0 /* ContentView.swift */,
				145C477127F3903D003F97E0 /* ClockView.swift */,
				1415D83327F9DFF1008A4060 /* WatchfaceView.swift */,
				1415D84527FA2F74008A4060 /* SettingsView.swift */,
			);
			path = View;
			sourceTree = "<group>";
		};
		145C476C27F38D03003F97E0 /* Service */ = {
			isa = PBXGroup;
			children = (
				145C476D27F38D4D003F97E0 /* ClockService.swift */,
			);
			path = Service;
			sourceTree = "<group>";
		};
/* End PBXGroup section */

/* Begin PBXNativeTarget section */
		145C473D27F38CAC003F97E0 /* ChessClock */ = {
			isa = PBXNativeTarget;
			buildConfigurationList = 145C476227F38CAC003F97E0 /* Build configuration list for PBXNativeTarget "ChessClock" */;
			buildPhases = (
				145C473A27F38CAC003F97E0 /* Sources */,
				145C473B27F38CAC003F97E0 /* Frameworks */,
				145C473C27F38CAC003F97E0 /* Resources */,
			);
			buildRules = (
			);
			dependencies = (
			);
			name = ChessClock;
			productName = ChessClock;
			productReference = 145C473E27F38CAC003F97E0 /* ChessClock.app */;
			productType = "com.apple.product-type.application";
		};
		145C474D27F38CAC003F97E0 /* ChessClockTests */ = {
			isa = PBXNativeTarget;
			buildConfigurationList = 145C476527F38CAC003F97E0 /* Build configuration list for PBXNativeTarget "ChessClockTests" */;
			buildPhases = (
				145C474A27F38CAC003F97E0 /* Sources */,
				145C474B27F38CAC003F97E0 /* Frameworks */,
				145C474C27F38CAC003F97E0 /* Resources */,
			);
			buildRules = (
			);
			dependencies = (
				145C475027F38CAC003F97E0 /* PBXTargetDependency */,
			);
			name = ChessClockTests;
			productName = ChessClockTests;
			productReference = 145C474E27F38CAC003F97E0 /* ChessClockTests.xctest */;
			productType = "com.apple.product-type.bundle.unit-test";
		};
		145C475727F38CAC003F97E0 /* ChessClockUITests */ = {
			isa = PBXNativeTarget;
			buildConfigurationList = 145C476827F38CAC003F97E0 /* Build configuration list for PBXNativeTarget "ChessClockUITests" */;
			buildPhases = (
				145C475427F38CAC003F97E0 /* Sources */,
				145C475527F38CAC003F97E0 /* Frameworks */,
				145C475627F38CAC003F97E0 /* Resources */,
			);
			buildRules = (
			);
			dependencies = (
				145C475A27F38CAC003F97E0 /* PBXTargetDependency */,
			);
			name = ChessClockUITests;
			productName = ChessClockUITests;
			productReference = 145C475827F38CAC003F97E0 /* ChessClockUITests.xctest */;
			productType = "com.apple.product-type.bundle.ui-testing";
		};
/* End PBXNativeTarget section */

/* Begin PBXProject section */
		145C473627F38CAC003F97E0 /* Project object */ = {
			isa = PBXProject;
			attributes = {
				BuildIndependentTargetsInParallel = 1;
				LastSwiftUpdateCheck = 1310;
				LastUpgradeCheck = 1310;
				TargetAttributes = {
					145C473D27F38CAC003F97E0 = {
						CreatedOnToolsVersion = 13.1;
					};
					145C474D27F38CAC003F97E0 = {
						CreatedOnToolsVersion = 13.1;
						TestTargetID = 145C473D27F38CAC003F97E0;
					};
					145C475727F38CAC003F97E0 = {
						CreatedOnToolsVersion = 13.1;
						TestTargetID = 145C473D27F38CAC003F97E0;
					};
				};
			};
			buildConfigurationList = 145C473927F38CAC003F97E0 /* Build configuration list for PBXProject "ChessClock" */;
			compatibilityVersion = "Xcode 13.0";
			developmentRegion = en;
			hasScannedForEncodings = 0;
			knownRegions = (
				en,
				Base,
			);
			mainGroup = 145C473527F38CAC003F97E0;
			productRefGroup = 145C473F27F38CAC003F97E0 /* Products */;
			projectDirPath = "";
			projectRoot = "";
			targets = (
				145C473D27F38CAC003F97E0 /* ChessClock */,
				145C474D27F38CAC003F97E0 /* ChessClockTests */,
				145C475727F38CAC003F97E0 /* ChessClockUITests */,
			);
		};
/* End PBXProject section */

/* Begin PBXResourcesBuildPhase section */
		145C473C27F38CAC003F97E0 /* Resources */ = {
			isa = PBXResourcesBuildPhase;
			buildActionMask = 2147483647;
			files = (
				145C474927F38CAC003F97E0 /* Preview Assets.xcassets in Resources */,
				145C474627F38CAC003F97E0 /* Assets.xcassets in Resources */,
			);
			runOnlyForDeploymentPostprocessing = 0;
		};
		145C474C27F38CAC003F97E0 /* Resources */ = {
			isa = PBXResourcesBuildPhase;
			buildActionMask = 2147483647;
			files = (
			);
			runOnlyForDeploymentPostprocessing = 0;
		};
		145C475627F38CAC003F97E0 /* Resources */ = {
			isa = PBXResourcesBuildPhase;
			buildActionMask = 2147483647;
			files = (
			);
			runOnlyForDeploymentPostprocessing = 0;
		};
/* End PBXResourcesBuildPhase section */

/* Begin PBXSourcesBuildPhase section */
		145C473A27F38CAC003F97E0 /* Sources */ = {
			isa = PBXSourcesBuildPhase;
			buildActionMask = 2147483647;
			files = (
				1415D83927F9EFFF008A4060 /* GameState.swift in Sources */,
				1415D83E27F9F8AA008A4060 /* TimeSettings.swift in Sources */,
				1415D84627FA2F74008A4060 /* SettingsView.swift in Sources */,
				1415D84027F9F971008A4060 /* GameSettings.swift in Sources */,
				1415D83427F9DFF1008A4060 /* WatchfaceView.swift in Sources */,
				1415D83727F9EFE8008A4060 /* GameStatus.swift in Sources */,
				145C476E27F38D4D003F97E0 /* ClockService.swift in Sources */,
				1415D83C27F9F836008A4060 /* View+isHidden.swift in Sources */,
				145C477227F3903D003F97E0 /* ClockView.swift in Sources */,
				145C474427F38CAC003F97E0 /* ContentView.swift in Sources */,
				145C474227F38CAC003F97E0 /* ChessClockApp.swift in Sources */,
				1415D84227FA12D7008A4060 /* ColorPalette.swift in Sources */,
			);
			runOnlyForDeploymentPostprocessing = 0;
		};
		145C474A27F38CAC003F97E0 /* Sources */ = {
			isa = PBXSourcesBuildPhase;
			buildActionMask = 2147483647;
			files = (
				145C475327F38CAC003F97E0 /* ChessClockTests.swift in Sources */,
			);
			runOnlyForDeploymentPostprocessing = 0;
		};
		145C475427F38CAC003F97E0 /* Sources */ = {
			isa = PBXSourcesBuildPhase;
			buildActionMask = 2147483647;
			files = (
			);
			runOnlyForDeploymentPostprocessing = 0;
		};
/* End PBXSourcesBuildPhase section */

/* Begin PBXTargetDependency section */
		145C475027F38CAC003F97E0 /* PBXTargetDependency */ = {
			isa = PBXTargetDependency;
			target = 145C473D27F38CAC003F97E0 /* ChessClock */;
			targetProxy = 145C474F27F38CAC003F97E0 /* PBXContainerItemProxy */;
		};
		145C475A27F38CAC003F97E0 /* PBXTargetDependency */ = {
			isa = PBXTargetDependency;
			target = 145C473D27F38CAC003F97E0 /* ChessClock */;
			targetProxy = 145C475927F38CAC003F97E0 /* PBXContainerItemProxy */;
		};
/* End PBXTargetDependency section */

/* Begin XCBuildConfiguration section */
		145C476027F38CAC003F97E0 /* Debug */ = {
			isa = XCBuildConfiguration;
			buildSettings = {
				ALWAYS_SEARCH_USER_PATHS = NO;
				CLANG_ANALYZER_NONNULL = YES;
				CLANG_ANALYZER_NUMBER_OBJECT_CONVERSION = YES_AGGRESSIVE;
				CLANG_CXX_LANGUAGE_STANDARD = "gnu++17";
				CLANG_CXX_LIBRARY = "libc++";
				CLANG_ENABLE_MODULES = YES;
				CLANG_ENABLE_OBJC_ARC = YES;
				CLANG_ENABLE_OBJC_WEAK = YES;
				CLANG_WARN_BLOCK_CAPTURE_AUTORELEASING = YES;
				CLANG_WARN_BOOL_CONVERSION = YES;
				CLANG_WARN_COMMA = YES;
				CLANG_WARN_CONSTANT_CONVERSION = YES;
				CLANG_WARN_DEPRECATED_OBJC_IMPLEMENTATIONS = YES;
				CLANG_WARN_DIRECT_OBJC_ISA_USAGE = YES_ERROR;
				CLANG_WARN_DOCUMENTATION_COMMENTS = YES;
				CLANG_WARN_EMPTY_BODY = YES;
				CLANG_WARN_ENUM_CONVERSION = YES;
				CLANG_WARN_INFINITE_RECURSION = YES;
				CLANG_WARN_INT_CONVERSION = YES;
				CLANG_WARN_NON_LITERAL_NULL_CONVERSION = YES;
				CLANG_WARN_OBJC_IMPLICIT_RETAIN_SELF = YES;
				CLANG_WARN_OBJC_LITERAL_CONVERSION = YES;
				CLANG_WARN_OBJC_ROOT_CLASS = YES_ERROR;
				CLANG_WARN_QUOTED_INCLUDE_IN_FRAMEWORK_HEADER = YES;
				CLANG_WARN_RANGE_LOOP_ANALYSIS = YES;
				CLANG_WARN_STRICT_PROTOTYPES = YES;
				CLANG_WARN_SUSPICIOUS_MOVE = YES;
				CLANG_WARN_UNGUARDED_AVAILABILITY = YES_AGGRESSIVE;
				CLANG_WARN_UNREACHABLE_CODE = YES;
				CLANG_WARN__DUPLICATE_METHOD_MATCH = YES;
				COPY_PHASE_STRIP = NO;
				DEBUG_INFORMATION_FORMAT = dwarf;
				ENABLE_STRICT_OBJC_MSGSEND = YES;
				ENABLE_TESTABILITY = YES;
				GCC_C_LANGUAGE_STANDARD = gnu11;
				GCC_DYNAMIC_NO_PIC = NO;
				GCC_NO_COMMON_BLOCKS = YES;
				GCC_OPTIMIZATION_LEVEL = 0;
				GCC_PREPROCESSOR_DEFINITIONS = (
					"DEBUG=1",
					"$(inherited)",
				);
				GCC_WARN_64_TO_32_BIT_CONVERSION = YES;
				GCC_WARN_ABOUT_RETURN_TYPE = YES_ERROR;
				GCC_WARN_UNDECLARED_SELECTOR = YES;
				GCC_WARN_UNINITIALIZED_AUTOS = YES_AGGRESSIVE;
				GCC_WARN_UNUSED_FUNCTION = YES;
				GCC_WARN_UNUSED_VARIABLE = YES;
				IPHONEOS_DEPLOYMENT_TARGET = 15.0;
				MTL_ENABLE_DEBUG_INFO = INCLUDE_SOURCE;
				MTL_FAST_MATH = YES;
				ONLY_ACTIVE_ARCH = YES;
				SDKROOT = iphoneos;
				SWIFT_ACTIVE_COMPILATION_CONDITIONS = DEBUG;
				SWIFT_OPTIMIZATION_LEVEL = "-Onone";
			};
			name = Debug;
		};
		145C476127F38CAC003F97E0 /* Release */ = {
			isa = XCBuildConfiguration;
			buildSettings = {
				ALWAYS_SEARCH_USER_PATHS = NO;
				CLANG_ANALYZER_NONNULL = YES;
				CLANG_ANALYZER_NUMBER_OBJECT_CONVERSION = YES_AGGRESSIVE;
				CLANG_CXX_LANGUAGE_STANDARD = "gnu++17";
				CLANG_CXX_LIBRARY = "libc++";
				CLANG_ENABLE_MODULES = YES;
				CLANG_ENABLE_OBJC_ARC = YES;
				CLANG_ENABLE_OBJC_WEAK = YES;
				CLANG_WARN_BLOCK_CAPTURE_AUTORELEASING = YES;
				CLANG_WARN_BOOL_CONVERSION = YES;
				CLANG_WARN_COMMA = YES;
				CLANG_WARN_CONSTANT_CONVERSION = YES;
				CLANG_WARN_DEPRECATED_OBJC_IMPLEMENTATIONS = YES;
				CLANG_WARN_DIRECT_OBJC_ISA_USAGE = YES_ERROR;
				CLANG_WARN_DOCUMENTATION_COMMENTS = YES;
				CLANG_WARN_EMPTY_BODY = YES;
				CLANG_WARN_ENUM_CONVERSION = YES;
				CLANG_WARN_INFINITE_RECURSION = YES;
				CLANG_WARN_INT_CONVERSION = YES;
				CLANG_WARN_NON_LITERAL_NULL_CONVERSION = YES;
				CLANG_WARN_OBJC_IMPLICIT_RETAIN_SELF = YES;
				CLANG_WARN_OBJC_LITERAL_CONVERSION = YES;
				CLANG_WARN_OBJC_ROOT_CLASS = YES_ERROR;
				CLANG_WARN_QUOTED_INCLUDE_IN_FRAMEWORK_HEADER = YES;
				CLANG_WARN_RANGE_LOOP_ANALYSIS = YES;
				CLANG_WARN_STRICT_PROTOTYPES = YES;
				CLANG_WARN_SUSPICIOUS_MOVE = YES;
				CLANG_WARN_UNGUARDED_AVAILABILITY = YES_AGGRESSIVE;
				CLANG_WARN_UNREACHABLE_CODE = YES;
				CLANG_WARN__DUPLICATE_METHOD_MATCH = YES;
				COPY_PHASE_STRIP = NO;
				DEBUG_INFORMATION_FORMAT = "dwarf-with-dsym";
				ENABLE_NS_ASSERTIONS = NO;
				ENABLE_STRICT_OBJC_MSGSEND = YES;
				GCC_C_LANGUAGE_STANDARD = gnu11;
				GCC_NO_COMMON_BLOCKS = YES;
				GCC_WARN_64_TO_32_BIT_CONVERSION = YES;
				GCC_WARN_ABOUT_RETURN_TYPE = YES_ERROR;
				GCC_WARN_UNDECLARED_SELECTOR = YES;
				GCC_WARN_UNINITIALIZED_AUTOS = YES_AGGRESSIVE;
				GCC_WARN_UNUSED_FUNCTION = YES;
				GCC_WARN_UNUSED_VARIABLE = YES;
				IPHONEOS_DEPLOYMENT_TARGET = 15.0;
				MTL_ENABLE_DEBUG_INFO = NO;
				MTL_FAST_MATH = YES;
				SDKROOT = iphoneos;
				SWIFT_COMPILATION_MODE = wholemodule;
				SWIFT_OPTIMIZATION_LEVEL = "-O";
				VALIDATE_PRODUCT = YES;
			};
			name = Release;
		};
		145C476327F38CAC003F97E0 /* Debug */ = {
			isa = XCBuildConfiguration;
			buildSettings = {
				ASSETCATALOG_COMPILER_APPICON_NAME = AppIcon;
				ASSETCATALOG_COMPILER_GLOBAL_ACCENT_COLOR_NAME = AccentColor;
				CODE_SIGN_STYLE = Automatic;
				CURRENT_PROJECT_VERSION = 1;
				DEVELOPMENT_ASSET_PATHS = "\"ChessClock/Preview Content\"";
				DEVELOPMENT_TEAM = CHCKLL854U;
				ENABLE_PREVIEWS = YES;
				GENERATE_INFOPLIST_FILE = YES;
				INFOPLIST_KEY_UIApplicationSceneManifest_Generation = YES;
				INFOPLIST_KEY_UIApplicationSupportsIndirectInputEvents = YES;
				INFOPLIST_KEY_UILaunchScreen_Generation = YES;
				INFOPLIST_KEY_UISupportedInterfaceOrientations = "UIInterfaceOrientationLandscapeLeft UIInterfaceOrientationLandscapeRight";
				INFOPLIST_KEY_UISupportedInterfaceOrientations_iPad = "UIInterfaceOrientationLandscapeLeft UIInterfaceOrientationLandscapeRight";
				INFOPLIST_KEY_UISupportedInterfaceOrientations_iPhone = "UIInterfaceOrientationLandscapeLeft UIInterfaceOrientationLandscapeRight";
				LD_RUNPATH_SEARCH_PATHS = (
					"$(inherited)",
					"@executable_path/Frameworks",
				);
				MARKETING_VERSION = 1.0;
				PRODUCT_BUNDLE_IDENTIFIER = com.gloomylego.ChessClock;
				PRODUCT_NAME = "$(TARGET_NAME)";
				SWIFT_EMIT_LOC_STRINGS = YES;
				SWIFT_VERSION = 5.0;
				TARGETED_DEVICE_FAMILY = "1,2";
			};
			name = Debug;
		};
		145C476427F38CAC003F97E0 /* Release */ = {
			isa = XCBuildConfiguration;
			buildSettings = {
				ASSETCATALOG_COMPILER_APPICON_NAME = AppIcon;
				ASSETCATALOG_COMPILER_GLOBAL_ACCENT_COLOR_NAME = AccentColor;
				CODE_SIGN_STYLE = Automatic;
				CURRENT_PROJECT_VERSION = 1;
				DEVELOPMENT_ASSET_PATHS = "\"ChessClock/Preview Content\"";
				DEVELOPMENT_TEAM = CHCKLL854U;
				ENABLE_PREVIEWS = YES;
				GENERATE_INFOPLIST_FILE = YES;
				INFOPLIST_KEY_UIApplicationSceneManifest_Generation = YES;
				INFOPLIST_KEY_UIApplicationSupportsIndirectInputEvents = YES;
				INFOPLIST_KEY_UILaunchScreen_Generation = YES;
				INFOPLIST_KEY_UISupportedInterfaceOrientations = "UIInterfaceOrientationLandscapeLeft UIInterfaceOrientationLandscapeRight";
				INFOPLIST_KEY_UISupportedInterfaceOrientations_iPad = "UIInterfaceOrientationLandscapeLeft UIInterfaceOrientationLandscapeRight";
				INFOPLIST_KEY_UISupportedInterfaceOrientations_iPhone = "UIInterfaceOrientationLandscapeLeft UIInterfaceOrientationLandscapeRight";
				LD_RUNPATH_SEARCH_PATHS = (
					"$(inherited)",
					"@executable_path/Frameworks",
				);
				MARKETING_VERSION = 1.0;
				PRODUCT_BUNDLE_IDENTIFIER = com.gloomylego.ChessClock;
				PRODUCT_NAME = "$(TARGET_NAME)";
				SWIFT_EMIT_LOC_STRINGS = YES;
				SWIFT_VERSION = 5.0;
				TARGETED_DEVICE_FAMILY = "1,2";
			};
			name = Release;
		};
		145C476627F38CAC003F97E0 /* Debug */ = {
			isa = XCBuildConfiguration;
			buildSettings = {
				ALWAYS_EMBED_SWIFT_STANDARD_LIBRARIES = YES;
				BUNDLE_LOADER = "$(TEST_HOST)";
				CODE_SIGN_STYLE = Automatic;
				CURRENT_PROJECT_VERSION = 1;
				DEVELOPMENT_TEAM = CHCKLL854U;
				GENERATE_INFOPLIST_FILE = YES;
				IPHONEOS_DEPLOYMENT_TARGET = 15.0;
				LD_RUNPATH_SEARCH_PATHS = (
					"$(inherited)",
					"@executable_path/Frameworks",
					"@loader_path/Frameworks",
				);
				MARKETING_VERSION = 1.0;
				PRODUCT_BUNDLE_IDENTIFIER = com.gloomylego.ChessClockTests;
				PRODUCT_NAME = "$(TARGET_NAME)";
				SWIFT_EMIT_LOC_STRINGS = NO;
				SWIFT_VERSION = 5.0;
				TARGETED_DEVICE_FAMILY = "1,2";
				TEST_HOST = "$(BUILT_PRODUCTS_DIR)/ChessClock.app/ChessClock";
			};
			name = Debug;
		};
		145C476727F38CAC003F97E0 /* Release */ = {
			isa = XCBuildConfiguration;
			buildSettings = {
				ALWAYS_EMBED_SWIFT_STANDARD_LIBRARIES = YES;
				BUNDLE_LOADER = "$(TEST_HOST)";
				CODE_SIGN_STYLE = Automatic;
				CURRENT_PROJECT_VERSION = 1;
				DEVELOPMENT_TEAM = CHCKLL854U;
				GENERATE_INFOPLIST_FILE = YES;
				IPHONEOS_DEPLOYMENT_TARGET = 15.0;
				LD_RUNPATH_SEARCH_PATHS = (
					"$(inherited)",
					"@executable_path/Frameworks",
					"@loader_path/Frameworks",
				);
				MARKETING_VERSION = 1.0;
				PRODUCT_BUNDLE_IDENTIFIER = com.gloomylego.ChessClockTests;
				PRODUCT_NAME = "$(TARGET_NAME)";
				SWIFT_EMIT_LOC_STRINGS = NO;
				SWIFT_VERSION = 5.0;
				TARGETED_DEVICE_FAMILY = "1,2";
				TEST_HOST = "$(BUILT_PRODUCTS_DIR)/ChessClock.app/ChessClock";
			};
			name = Release;
		};
		145C476927F38CAC003F97E0 /* Debug */ = {
			isa = XCBuildConfiguration;
			buildSettings = {
				ALWAYS_EMBED_SWIFT_STANDARD_LIBRARIES = YES;
				CODE_SIGN_STYLE = Automatic;
				CURRENT_PROJECT_VERSION = 1;
				DEVELOPMENT_TEAM = CHCKLL854U;
				GENERATE_INFOPLIST_FILE = YES;
				LD_RUNPATH_SEARCH_PATHS = (
					"$(inherited)",
					"@executable_path/Frameworks",
					"@loader_path/Frameworks",
				);
				MARKETING_VERSION = 1.0;
				PRODUCT_BUNDLE_IDENTIFIER = com.gloomylego.ChessClockUITests;
				PRODUCT_NAME = "$(TARGET_NAME)";
				SWIFT_EMIT_LOC_STRINGS = NO;
				SWIFT_VERSION = 5.0;
				TARGETED_DEVICE_FAMILY = "1,2";
				TEST_TARGET_NAME = ChessClock;
			};
			name = Debug;
		};
		145C476A27F38CAC003F97E0 /* Release */ = {
			isa = XCBuildConfiguration;
			buildSettings = {
				ALWAYS_EMBED_SWIFT_STANDARD_LIBRARIES = YES;
				CODE_SIGN_STYLE = Automatic;
				CURRENT_PROJECT_VERSION = 1;
				DEVELOPMENT_TEAM = CHCKLL854U;
				GENERATE_INFOPLIST_FILE = YES;
				LD_RUNPATH_SEARCH_PATHS = (
					"$(inherited)",
					"@executable_path/Frameworks",
					"@loader_path/Frameworks",
				);
				MARKETING_VERSION = 1.0;
				PRODUCT_BUNDLE_IDENTIFIER = com.gloomylego.ChessClockUITests;
				PRODUCT_NAME = "$(TARGET_NAME)";
				SWIFT_EMIT_LOC_STRINGS = NO;
				SWIFT_VERSION = 5.0;
				TARGETED_DEVICE_FAMILY = "1,2";
				TEST_TARGET_NAME = ChessClock;
			};
			name = Release;
		};
/* End XCBuildConfiguration section */

/* Begin XCConfigurationList section */
		145C473927F38CAC003F97E0 /* Build configuration list for PBXProject "ChessClock" */ = {
			isa = XCConfigurationList;
			buildConfigurations = (
				145C476027F38CAC003F97E0 /* Debug */,
				145C476127F38CAC003F97E0 /* Release */,
			);
			defaultConfigurationIsVisible = 0;
			defaultConfigurationName = Release;
		};
		145C476227F38CAC003F97E0 /* Build configuration list for PBXNativeTarget "ChessClock" */ = {
			isa = XCConfigurationList;
			buildConfigurations = (
				145C476327F38CAC003F97E0 /* Debug */,
				145C476427F38CAC003F97E0 /* Release */,
			);
			defaultConfigurationIsVisible = 0;
			defaultConfigurationName = Release;
		};
		145C476527F38CAC003F97E0 /* Build configuration list for PBXNativeTarget "ChessClockTests" */ = {
			isa = XCConfigurationList;
			buildConfigurations = (
				145C476627F38CAC003F97E0 /* Debug */,
				145C476727F38CAC003F97E0 /* Release */,
			);
			defaultConfigurationIsVisible = 0;
			defaultConfigurationName = Release;
		};
		145C476827F38CAC003F97E0 /* Build configuration list for PBXNativeTarget "ChessClockUITests" */ = {
			isa = XCConfigurationList;
			buildConfigurations = (
				145C476927F38CAC003F97E0 /* Debug */,
				145C476A27F38CAC003F97E0 /* Release */,
			);
			defaultConfigurationIsVisible = 0;
			defaultConfigurationName = Release;
		};
/* End XCConfigurationList section */
	};
	rootObject = 145C473627F38CAC003F97E0 /* Project object */;
}
